
Microsoft Visual Studio Solution File, Format Version 12.00
# Visual Studio Version 16
VisualStudioVersion = 25.0.1706.7
MinimumVisualStudioVersion = 10.0.40219.1
Project("{FAE04EC0-301F-11D3-BF4B-00C04F79EFBC}") = "20240104ConsoleApp", "20240104ConsoleApp\20240104ConsoleApp.csproj", "{C9BEB027-96C2-47CF-9551-D5D111AB1AA1}"
EndProject
Global
	GlobalSection(SolutionConfigurationPlatforms) = preSolution
		Debug|Any CPU = Debug|Any CPU
		Release|Any CPU = Release|Any CPU
	EndGlobalSection
	GlobalSection(ProjectConfigurationPlatforms) = postSolution
		{C9BEB027-96C2-47CF-9551-D5D111AB1AA1}.Debug|Any CPU.ActiveCfg = Debug|Any CPU
		{C9BEB027-96C2-47CF-9551-D5D111AB1AA1}.Debug|Any CPU.Build.0 = Debug|Any CPU
		{C9BEB027-96C2-47CF-9551-D5D111AB1AA1}.Release|Any CPU.ActiveCfg = Release|Any CPU
		{C9BEB027-96C2-47CF-9551-D5D111AB1AA1}.Release|Any CPU.Build.0 = Release|Any CPU
	EndGlobalSection
	GlobalSection(SolutionProperties) = preSolution
		HideSolutionNode = FALSE
	EndGlobalSection
	GlobalSection(ExtensibilityGlobals) = postSolution
		SolutionGuid = {38F2A7BD-0A27-4431-BB58-995C54E61E7E}
	EndGlobalSection
EndGlobal
